# This file was autogenerated by Stack.
# You should not edit this file by hand.
# For more information, please see the documentation at:
#   https://docs.haskellstack.org/en/stable/lock_files

packages:
- completed:
    hackage: arxiv-0.0.1@sha256:746311e6003440248df63acd19e428cbdbf5c95cdd3ee0993d2c89c7b2ceada7,1578
    pantry-tree:
      size: 229
      sha256: af0f0fec661c897acf8eea34a4085b170fef4fd37b0a52f172130e2087c14cdf
  original:
    hackage: arxiv-0.0.1@sha256:746311e6003440248df63acd19e428cbdbf5c95cdd3ee0993d2c89c7b2ceada7,1578
- completed:
    hackage: filestore-0.6.4@sha256:ff0874e739ac82f556a950cf029209e262285e02c36ab803513e60a5a4bc6572,3104
    pantry-tree:
      size: 984
      sha256: 4bea3d26992192d77e1dc60e934f768231d09b3bbee4340e7cf7dcbf73098314
  original:
    hackage: filestore-0.6.4@sha256:ff0874e739ac82f556a950cf029209e262285e02c36ab803513e60a5a4bc6572,3104
- completed:
    hackage: hakyll-4.13.3.0@sha256:7d8903f03974691aec049a6188ace8d93457563bad9f078c6faf4c9156e27a33,8867
    pantry-tree:
      size: 7841
      sha256: bdbacc241f680dd0c8d7666c9ec4e7d230dad85172067e106cc35f7c125cd7ab
  original:
    hackage: hakyll-4.13.3.0@sha256:7d8903f03974691aec049a6188ace8d93457563bad9f078c6faf4c9156e27a33,8867
- completed:
    hackage: Diff-0.4.0@sha256:b5cfbeed498f555a18774ffd549bbeff7a24bdfe5984154dcfc9f4328a3c2847,1275
    pantry-tree:
      size: 415
      sha256: 01b215c454152a0fe10a5378a4013d92e89da2f0695ffffc466ead5f3343cf3a
  original:
    hackage: Diff-0.4.0@sha256:b5cfbeed498f555a18774ffd549bbeff7a24bdfe5984154dcfc9f4328a3c2847,1275
snapshots:
- completed:
    size: 524996
    url: https://raw.githubusercontent.com/commercialhaskell/stackage-snapshots/master/lts/14/27.yaml
    sha256: 7ea31a280c56bf36ff591a7397cc384d0dff622e7f9e4225b47d8980f019a0f0
  original: lts-14.27
